Microsoft Visual Studio Solution File, Format Version 12.00
Project("{FAE04EC0-301F-11D3-BF4B-00C04F79EFBC}") = "Shared", "src\Common\Shared\Shared.csproj", "{39AA64A0-FEF5-48A3-82A4-3A655953FED1}"
EndProject
Project("{2150E333-8FDC-42A3-9474-1A3956D46DE8}") = "src", "src", "{2B6FD6CA-E728-4734-A616-EB1FD9AFC345}"
EndProject
Project("{2150E333-8FDC-42A3-9474-1A3956D46DE8}") = "tests", "tests", "{892E504C-F5AE-42E7-9271-53552EB95CF4}"
EndProject
Project("{FAE04EC0-301F-11D3-BF4B-00C04F79EFBC}") = "Persistence.SystemTests", "tests\Persistence.SystemTests\Persistence.SystemTests.csproj", "{396D3170-2BAF-4B6E-B6ED-E15488506086}"
EndProject
Project("{FAE04EC0-301F-11D3-BF4B-00C04F79EFBC}") = "Persistence", "src\SystematizedData\Persistence\Persistence.csproj", "{64BAC7AA-3218-4EE0-97EE-8B6DB3DDEAE8}"
EndProject
Project("{2150E333-8FDC-42A3-9474-1A3956D46DE8}") = "common", "common", "{B9B131D7-591F-4F70-9F67-0B41D136ABE8}"
EndProject
Project("{2150E333-8FDC-42A3-9474-1A3956D46DE8}") = "systematizedData", "systematizedData", "{B55553CF-14AC-483E-AD30-B8FBFE5B94D9}"
EndProject
Project("{FAE04EC0-301F-11D3-BF4B-00C04F79EFBC}") = "DistributedCache", "src\Common\DistributedCache\DistributedCache.csproj", "{C9803DCE-F87B-4348-A61A-896684F1AB22}"
EndProject
Project("{FAE04EC0-301F-11D3-BF4B-00C04F79EFBC}") = "Internationalization", "src\Common\Internationalization\Internationalization.csproj", "{FEE4C9FC-E20C-4D05-A748-8D23D070F135}"
EndProject
Project("{FAE04EC0-301F-11D3-BF4B-00C04F79EFBC}") = "Communication.Contracts", "src\Common\Communication.Contracts\Communication.Contracts.csproj", "{CC8D4B2A-246D-4433-B53B-AA6384DF7355}"
EndProject
Project("{FAE04EC0-301F-11D3-BF4B-00C04F79EFBC}") = "Communication.Plugs.Contracts", "src\Common\Communication.Plugs.Contracts\Communication.Plugs.Contracts.csproj", "{B60DDBAF-0BCD-4129-BF06-4BCDCD4910FF}"
EndProject
Project("{FAE04EC0-301F-11D3-BF4B-00C04F79EFBC}") = "Communication.Sockets.Contracts", "src\Common\Communication.Sockets.Contracts\Communication.Sockets.Contracts.csproj", "{10A1CA7D-C0E7-4F56-8801-AC35D183CD0F}"
EndProject
Project("{FAE04EC0-301F-11D3-BF4B-00C04F79EFBC}") = "CkModel", "src\SystematizedData\CkModel\CkModel.csproj", "{5DAA565C-A191-47F0-B073-E7B74F7CE401}"
EndProject
Project("{FAE04EC0-301F-11D3-BF4B-00C04F79EFBC}") = "Persistence.Contracts", "src\SystematizedData\Persistence.Contracts\Persistence.Contracts.csproj", "{01DA9056-A5F8-4D5E-9D6D-0347B11528AA}"
EndProject
Project("{FAE04EC0-301F-11D3-BF4B-00C04F79EFBC}") = "Persistence.InternalContracts", "src\SystematizedData\Persistence.InternalContracts\Persistence.InternalContracts.csproj", "{C6A3E5DB-1E74-4153-B1BB-459896CEDCEF}"
EndProject
Project("{FAE04EC0-301F-11D3-BF4B-00C04F79EFBC}") = "Persistence.SystemCkModel", "src\SystematizedData\Persistence.SystemCkModel\Persistence.SystemCkModel.csproj", "{3DE32BBD-DCC5-4094-BDFF-622866A287EF}"
EndProject
Project("{FAE04EC0-301F-11D3-BF4B-00C04F79EFBC}") = "Persistence.Commands", "src\SystematizedData\Persistence.Commands\Persistence.Commands.csproj", "{B0AE3434-B99B-46EF-B054-6B937F1FFC17}"
EndProject
Project("{FAE04EC0-301F-11D3-BF4B-00C04F79EFBC}") = "IdentityServerPersistence", "src\SystematizedData\IdentityServerPersistence\IdentityServerPersistence.csproj", "{518455A2-B191-4669-BF5C-9C709F6BC665}"
EndProject
Project("{FAE04EC0-301F-11D3-BF4B-00C04F79EFBC}") = "Persistence.IdentityCkModel", "src\SystematizedData\Persistence.IdentityCkModel\Persistence.IdentityCkModel.csproj", "{A0759E49-BFA9-4E4C-B420-6F6302AA8B43}"
EndProject
Project("{FAE04EC0-301F-11D3-BF4B-00C04F79EFBC}") = "Notifications", "src\SystematizedData\Notifications\Notifications.csproj", "{A4096D30-6E86-4BA9-A9B0-61AFCE550E92}"
EndProject
Global
	GlobalSection(SolutionConfigurationPlatforms) = preSolution
		Debug|Any CPU = Debug|Any CPU
		Release|Any CPU = Release|Any CPU
	EndGlobalSection
	GlobalSection(NestedProjects) = preSolution
		{396D3170-2BAF-4B6E-B6ED-E15488506086} = {892E504C-F5AE-42E7-9271-53552EB95CF4}
		{B9B131D7-591F-4F70-9F67-0B41D136ABE8} = {2B6FD6CA-E728-4734-A616-EB1FD9AFC345}
		{B55553CF-14AC-483E-AD30-B8FBFE5B94D9} = {2B6FD6CA-E728-4734-A616-EB1FD9AFC345}
		{64BAC7AA-3218-4EE0-97EE-8B6DB3DDEAE8} = {B55553CF-14AC-483E-AD30-B8FBFE5B94D9}
		{39AA64A0-FEF5-48A3-82A4-3A655953FED1} = {B9B131D7-591F-4F70-9F67-0B41D136ABE8}
		{C9803DCE-F87B-4348-A61A-896684F1AB22} = {B9B131D7-591F-4F70-9F67-0B41D136ABE8}
		{FEE4C9FC-E20C-4D05-A748-8D23D070F135} = {B9B131D7-591F-4F70-9F67-0B41D136ABE8}
		{CC8D4B2A-246D-4433-B53B-AA6384DF7355} = {B9B131D7-591F-4F70-9F67-0B41D136ABE8}
		{B60DDBAF-0BCD-4129-BF06-4BCDCD4910FF} = {B9B131D7-591F-4F70-9F67-0B41D136ABE8}
		{10A1CA7D-C0E7-4F56-8801-AC35D183CD0F} = {B9B131D7-591F-4F70-9F67-0B41D136ABE8}
		{5DAA565C-A191-47F0-B073-E7B74F7CE401} = {B55553CF-14AC-483E-AD30-B8FBFE5B94D9}
		{01DA9056-A5F8-4D5E-9D6D-0347B11528AA} = {B55553CF-14AC-483E-AD30-B8FBFE5B94D9}
		{C6A3E5DB-1E74-4153-B1BB-459896CEDCEF} = {B55553CF-14AC-483E-AD30-B8FBFE5B94D9}
		{3DE32BBD-DCC5-4094-BDFF-622866A287EF} = {B55553CF-14AC-483E-AD30-B8FBFE5B94D9}
		{B0AE3434-B99B-46EF-B054-6B937F1FFC17} = {B55553CF-14AC-483E-AD30-B8FBFE5B94D9}
		{518455A2-B191-4669-BF5C-9C709F6BC665} = {B55553CF-14AC-483E-AD30-B8FBFE5B94D9}
		{A0759E49-BFA9-4E4C-B420-6F6302AA8B43} = {B55553CF-14AC-483E-AD30-B8FBFE5B94D9}
		{A4096D30-6E86-4BA9-A9B0-61AFCE550E92} = {B55553CF-14AC-483E-AD30-B8FBFE5B94D9}
	EndGlobalSection
	GlobalSection(ProjectConfigurationPlatforms) = postSolution
		{39AA64A0-FEF5-48A3-82A4-3A655953FED1}.Debug|Any CPU.ActiveCfg = Debug|Any CPU
		{39AA64A0-FEF5-48A3-82A4-3A655953FED1}.Debug|Any CPU.Build.0 = Debug|Any CPU
		{39AA64A0-FEF5-48A3-82A4-3A655953FED1}.Release|Any CPU.ActiveCfg = Release|Any CPU
		{39AA64A0-FEF5-48A3-82A4-3A655953FED1}.Release|Any CPU.Build.0 = Release|Any CPU
		{396D3170-2BAF-4B6E-B6ED-E15488506086}.Debug|Any CPU.ActiveCfg = Debug|Any CPU
		{396D3170-2BAF-4B6E-B6ED-E15488506086}.Debug|Any CPU.Build.0 = Debug|Any CPU
		{396D3170-2BAF-4B6E-B6ED-E15488506086}.Release|Any CPU.ActiveCfg = Release|Any CPU
		{396D3170-2BAF-4B6E-B6ED-E15488506086}.Release|Any CPU.Build.0 = Release|Any CPU
		{64BAC7AA-3218-4EE0-97EE-8B6DB3DDEAE8}.Debug|Any CPU.ActiveCfg = Debug|Any CPU
		{64BAC7AA-3218-4EE0-97EE-8B6DB3DDEAE8}.Debug|Any CPU.Build.0 = Debug|Any CPU
		{64BAC7AA-3218-4EE0-97EE-8B6DB3DDEAE8}.Release|Any CPU.ActiveCfg = Release|Any CPU
		{64BAC7AA-3218-4EE0-97EE-8B6DB3DDEAE8}.Release|Any CPU.Build.0 = Release|Any CPU
		{C9803DCE-F87B-4348-A61A-896684F1AB22}.Debug|Any CPU.ActiveCfg = Debug|Any CPU
		{C9803DCE-F87B-4348-A61A-896684F1AB22}.Debug|Any CPU.Build.0 = Debug|Any CPU
		{C9803DCE-F87B-4348-A61A-896684F1AB22}.Release|Any CPU.ActiveCfg = Release|Any CPU
		{C9803DCE-F87B-4348-A61A-896684F1AB22}.Release|Any CPU.Build.0 = Release|Any CPU
		{FEE4C9FC-E20C-4D05-A748-8D23D070F135}.Debug|Any CPU.ActiveCfg = Debug|Any CPU
		{FEE4C9FC-E20C-4D05-A748-8D23D070F135}.Debug|Any CPU.Build.0 = Debug|Any CPU
		{FEE4C9FC-E20C-4D05-A748-8D23D070F135}.Release|Any CPU.ActiveCfg = Release|Any CPU
		{FEE4C9FC-E20C-4D05-A748-8D23D070F135}.Release|Any CPU.Build.0 = Release|Any CPU
		{CC8D4B2A-246D-4433-B53B-AA6384DF7355}.Debug|Any CPU.ActiveCfg = Debug|Any CPU
		{CC8D4B2A-246D-4433-B53B-AA6384DF7355}.Debug|Any CPU.Build.0 = Debug|Any CPU
		{CC8D4B2A-246D-4433-B53B-AA6384DF7355}.Release|Any CPU.ActiveCfg = Release|Any CPU
		{CC8D4B2A-246D-4433-B53B-AA6384DF7355}.Release|Any CPU.Build.0 = Release|Any CPU
		{B60DDBAF-0BCD-4129-BF06-4BCDCD4910FF}.Debug|Any CPU.ActiveCfg = Debug|Any CPU
		{B60DDBAF-0BCD-4129-BF06-4BCDCD4910FF}.Debug|Any CPU.Build.0 = Debug|Any CPU
		{B60DDBAF-0BCD-4129-BF06-4BCDCD4910FF}.Release|Any CPU.ActiveCfg = Release|Any CPU
		{B60DDBAF-0BCD-4129-BF06-4BCDCD4910FF}.Release|Any CPU.Build.0 = Release|Any CPU
		{10A1CA7D-C0E7-4F56-8801-AC35D183CD0F}.Debug|Any CPU.ActiveCfg = Debug|Any CPU
		{10A1CA7D-C0E7-4F56-8801-AC35D183CD0F}.Debug|Any CPU.Build.0 = Debug|Any CPU
		{10A1CA7D-C0E7-4F56-8801-AC35D183CD0F}.Release|Any CPU.ActiveCfg = Release|Any CPU
		{10A1CA7D-C0E7-4F56-8801-AC35D183CD0F}.Release|Any CPU.Build.0 = Release|Any CPU
		{5DAA565C-A191-47F0-B073-E7B74F7CE401}.Debug|Any CPU.ActiveCfg = Debug|Any CPU
		{5DAA565C-A191-47F0-B073-E7B74F7CE401}.Debug|Any CPU.Build.0 = Debug|Any CPU
		{5DAA565C-A191-47F0-B073-E7B74F7CE401}.Release|Any CPU.ActiveCfg = Release|Any CPU
		{5DAA565C-A191-47F0-B073-E7B74F7CE401}.Release|Any CPU.Build.0 = Release|Any CPU
		{01DA9056-A5F8-4D5E-9D6D-0347B11528AA}.Debug|Any CPU.ActiveCfg = Debug|Any CPU
		{01DA9056-A5F8-4D5E-9D6D-0347B11528AA}.Debug|Any CPU.Build.0 = Debug|Any CPU
		{01DA9056-A5F8-4D5E-9D6D-0347B11528AA}.Release|Any CPU.ActiveCfg = Release|Any CPU
		{01DA9056-A5F8-4D5E-9D6D-0347B11528AA}.Release|Any CPU.Build.0 = Release|Any CPU
		{C6A3E5DB-1E74-4153-B1BB-459896CEDCEF}.Debug|Any CPU.ActiveCfg = Debug|Any CPU
		{C6A3E5DB-1E74-4153-B1BB-459896CEDCEF}.Debug|Any CPU.Build.0 = Debug|Any CPU
		{C6A3E5DB-1E74-4153-B1BB-459896CEDCEF}.Release|Any CPU.ActiveCfg = Release|Any CPU
		{C6A3E5DB-1E74-4153-B1BB-459896CEDCEF}.Release|Any CPU.Build.0 = Release|Any CPU
		{3DE32BBD-DCC5-4094-BDFF-622866A287EF}.Debug|Any CPU.ActiveCfg = Debug|Any CPU
		{3DE32BBD-DCC5-4094-BDFF-622866A287EF}.Debug|Any CPU.Build.0 = Debug|Any CPU
		{3DE32BBD-DCC5-4094-BDFF-622866A287EF}.Release|Any CPU.ActiveCfg = Release|Any CPU
		{3DE32BBD-DCC5-4094-BDFF-622866A287EF}.Release|Any CPU.Build.0 = Release|Any CPU
		{B0AE3434-B99B-46EF-B054-6B937F1FFC17}.Debug|Any CPU.ActiveCfg = Debug|Any CPU
		{B0AE3434-B99B-46EF-B054-6B937F1FFC17}.Debug|Any CPU.Build.0 = Debug|Any CPU
		{B0AE3434-B99B-46EF-B054-6B937F1FFC17}.Release|Any CPU.ActiveCfg = Release|Any CPU
		{B0AE3434-B99B-46EF-B054-6B937F1FFC17}.Release|Any CPU.Build.0 = Release|Any CPU
		{518455A2-B191-4669-BF5C-9C709F6BC665}.Debug|Any CPU.ActiveCfg = Debug|Any CPU
		{518455A2-B191-4669-BF5C-9C709F6BC665}.Debug|Any CPU.Build.0 = Debug|Any CPU
		{518455A2-B191-4669-BF5C-9C709F6BC665}.Release|Any CPU.ActiveCfg = Release|Any CPU
		{518455A2-B191-4669-BF5C-9C709F6BC665}.Release|Any CPU.Build.0 = Release|Any CPU
		{A0759E49-BFA9-4E4C-B420-6F6302AA8B43}.Debug|Any CPU.ActiveCfg = Debug|Any CPU
		{A0759E49-BFA9-4E4C-B420-6F6302AA8B43}.Debug|Any CPU.Build.0 = Debug|Any CPU
		{A0759E49-BFA9-4E4C-B420-6F6302AA8B43}.Release|Any CPU.ActiveCfg = Release|Any CPU
		{A0759E49-BFA9-4E4C-B420-6F6302AA8B43}.Release|Any CPU.Build.0 = Release|Any CPU
		{A4096D30-6E86-4BA9-A9B0-61AFCE550E92}.Debug|Any CPU.ActiveCfg = Debug|Any CPU
		{A4096D30-6E86-4BA9-A9B0-61AFCE550E92}.Debug|Any CPU.Build.0 = Debug|Any CPU
		{A4096D30-6E86-4BA9-A9B0-61AFCE550E92}.Release|Any CPU.ActiveCfg = Release|Any CPU
		{A4096D30-6E86-4BA9-A9B0-61AFCE550E92}.Release|Any CPU.Build.0 = Release|Any CPU
	EndGlobalSection
EndGlobal
