
Microsoft Visual Studio Solution File, Format Version 12.00
Project("{2150E333-8FDC-42A3-9474-1A3956D46DE8}") = "src", "src", "{2B6FD6CA-E728-4734-A616-EB1FD9AFC345}"
EndProject
Project("{2150E333-8FDC-42A3-9474-1A3956D46DE8}") = "tests", "tests", "{892E504C-F5AE-42E7-9271-53552EB95CF4}"
EndProject
Project("{FAE04EC0-301F-11D3-BF4B-00C04F79EFBC}") = "Runtime.Engine.MongoDb.IntegrationTests", "tests\Runtime.Engine.MongoDb.IntegrationTests\Runtime.Engine.MongoDb.IntegrationTests.csproj", "{396D3170-2BAF-4B6E-B6ED-E15488506086}"
EndProject
Project("{2150E333-8FDC-42A3-9474-1A3956D46DE8}") = "samples", "samples", "{78596951-178D-452C-81DB-3F0AEC4691EF}"
EndProject
Project("{FAE04EC0-301F-11D3-BF4B-00C04F79EFBC}") = "WebService.Sample", "samples\WebService.Sample\WebService.Sample.csproj", "{957CCCF5-7F27-4746-A023-96C95FAAEA96}"
EndProject
Project("{FAE04EC0-301F-11D3-BF4B-00C04F79EFBC}") = "Runtime.Contracts.MongoDb", "src\Runtime.Contracts.MongoDb\Runtime.Contracts.MongoDb.csproj", "{1B439F50-788D-43FE-8C36-F55BD49B7D65}"
EndProject
Project("{FAE04EC0-301F-11D3-BF4B-00C04F79EFBC}") = "Runtime.Engine.MongoDb", "src\Runtime.Engine.MongoDb\Runtime.Engine.MongoDb.csproj", "{6A03D900-14B2-47AF-8B9D-5C2D2C84B6E8}"
EndProject
Project("{FAE04EC0-301F-11D3-BF4B-00C04F79EFBC}") = "TestCkModel", "tests\TestCkModel\TestCkModel.csproj", "{98A9DDFC-B903-4BCD-8C71-81ABDA585BD2}"
EndProject
Project("{FAE04EC0-301F-11D3-BF4B-00C04F79EFBC}") = "TestCkModelV2", "tests\TestCkModelV2\TestCkModelV2.csproj", "{F2D6C00A-4441-47A9-88B7-4298A21CC1C4}"
EndProject
Project("{FAE04EC0-301F-11D3-BF4B-00C04F79EFBC}") = "StreamData.UnitTests", "tests\StreamData.UnitTests\StreamData.UnitTests.csproj", "{4E8D9C33-D251-4957-B3A0-153F1BA60423}"
EndProject
Project("{FAE04EC0-301F-11D3-BF4B-00C04F79EFBC}") = "Runtime.Engine.CrateDb", "src\Runtime.Engine.CrateDb\Runtime.Engine.CrateDb.csproj", "{B7DBE9E4-6D01-4727-A298-3F0DD6656B04}"
EndProject
Global
	GlobalSection(SolutionConfigurationPlatforms) = preSolution
		Debug|Any CPU = Debug|Any CPU
		Debug|x64 = Debug|x64
		Debug|x86 = Debug|x86
		Release|Any CPU = Release|Any CPU
		Release|x64 = Release|x64
		Release|x86 = Release|x86
		DebugL|Any CPU = DebugL|Any CPU
		DebugL|x64 = DebugL|x64
		DebugL|x86 = DebugL|x86
	EndGlobalSection
	GlobalSection(ProjectConfigurationPlatforms) = postSolution
		{396D3170-2BAF-4B6E-B6ED-E15488506086}.Debug|Any CPU.ActiveCfg = Debug|Any CPU
		{396D3170-2BAF-4B6E-B6ED-E15488506086}.Debug|Any CPU.Build.0 = Debug|Any CPU
		{396D3170-2BAF-4B6E-B6ED-E15488506086}.Debug|x64.ActiveCfg = Debug|Any CPU
		{396D3170-2BAF-4B6E-B6ED-E15488506086}.Debug|x64.Build.0 = Debug|Any CPU
		{396D3170-2BAF-4B6E-B6ED-E15488506086}.Debug|x86.ActiveCfg = Debug|Any CPU
		{396D3170-2BAF-4B6E-B6ED-E15488506086}.Debug|x86.Build.0 = Debug|Any CPU
		{396D3170-2BAF-4B6E-B6ED-E15488506086}.Release|Any CPU.ActiveCfg = Release|Any CPU
		{396D3170-2BAF-4B6E-B6ED-E15488506086}.Release|Any CPU.Build.0 = Release|Any CPU
		{396D3170-2BAF-4B6E-B6ED-E15488506086}.Release|x64.ActiveCfg = Release|Any CPU
		{396D3170-2BAF-4B6E-B6ED-E15488506086}.Release|x64.Build.0 = Release|Any CPU
		{396D3170-2BAF-4B6E-B6ED-E15488506086}.Release|x86.ActiveCfg = Release|Any CPU
		{396D3170-2BAF-4B6E-B6ED-E15488506086}.Release|x86.Build.0 = Release|Any CPU
		{396D3170-2BAF-4B6E-B6ED-E15488506086}.DebugL|Any CPU.ActiveCfg = DebugL|Any CPU
		{396D3170-2BAF-4B6E-B6ED-E15488506086}.DebugL|Any CPU.Build.0 = DebugL|Any CPU
		{396D3170-2BAF-4B6E-B6ED-E15488506086}.DebugL|x64.ActiveCfg = DebugL|Any CPU
		{396D3170-2BAF-4B6E-B6ED-E15488506086}.DebugL|x64.Build.0 = DebugL|Any CPU
		{396D3170-2BAF-4B6E-B6ED-E15488506086}.DebugL|x86.ActiveCfg = DebugL|Any CPU
		{396D3170-2BAF-4B6E-B6ED-E15488506086}.DebugL|x86.Build.0 = DebugL|Any CPU
		{957CCCF5-7F27-4746-A023-96C95FAAEA96}.Debug|Any CPU.ActiveCfg = Debug|Any CPU
		{957CCCF5-7F27-4746-A023-96C95FAAEA96}.Debug|Any CPU.Build.0 = Debug|Any CPU
		{957CCCF5-7F27-4746-A023-96C95FAAEA96}.Debug|x64.ActiveCfg = Debug|Any CPU
		{957CCCF5-7F27-4746-A023-96C95FAAEA96}.Debug|x64.Build.0 = Debug|Any CPU
		{957CCCF5-7F27-4746-A023-96C95FAAEA96}.Debug|x86.ActiveCfg = Debug|Any CPU
		{957CCCF5-7F27-4746-A023-96C95FAAEA96}.Debug|x86.Build.0 = Debug|Any CPU
		{957CCCF5-7F27-4746-A023-96C95FAAEA96}.Release|Any CPU.ActiveCfg = Release|Any CPU
		{957CCCF5-7F27-4746-A023-96C95FAAEA96}.Release|Any CPU.Build.0 = Release|Any CPU
		{957CCCF5-7F27-4746-A023-96C95FAAEA96}.Release|x64.ActiveCfg = Release|Any CPU
		{957CCCF5-7F27-4746-A023-96C95FAAEA96}.Release|x64.Build.0 = Release|Any CPU
		{957CCCF5-7F27-4746-A023-96C95FAAEA96}.Release|x86.ActiveCfg = Release|Any CPU
		{957CCCF5-7F27-4746-A023-96C95FAAEA96}.Release|x86.Build.0 = Release|Any CPU
		{957CCCF5-7F27-4746-A023-96C95FAAEA96}.DebugL|Any CPU.ActiveCfg = DebugL|Any CPU
		{957CCCF5-7F27-4746-A023-96C95FAAEA96}.DebugL|Any CPU.Build.0 = DebugL|Any CPU
		{957CCCF5-7F27-4746-A023-96C95FAAEA96}.DebugL|x64.ActiveCfg = DebugL|Any CPU
		{957CCCF5-7F27-4746-A023-96C95FAAEA96}.DebugL|x64.Build.0 = DebugL|Any CPU
		{957CCCF5-7F27-4746-A023-96C95FAAEA96}.DebugL|x86.ActiveCfg = DebugL|Any CPU
		{957CCCF5-7F27-4746-A023-96C95FAAEA96}.DebugL|x86.Build.0 = DebugL|Any CPU
		{1B439F50-788D-43FE-8C36-F55BD49B7D65}.Debug|Any CPU.ActiveCfg = Debug|Any CPU
		{1B439F50-788D-43FE-8C36-F55BD49B7D65}.Debug|Any CPU.Build.0 = Debug|Any CPU
		{1B439F50-788D-43FE-8C36-F55BD49B7D65}.Debug|x64.ActiveCfg = Debug|Any CPU
		{1B439F50-788D-43FE-8C36-F55BD49B7D65}.Debug|x64.Build.0 = Debug|Any CPU
		{1B439F50-788D-43FE-8C36-F55BD49B7D65}.Debug|x86.ActiveCfg = Debug|Any CPU
		{1B439F50-788D-43FE-8C36-F55BD49B7D65}.Debug|x86.Build.0 = Debug|Any CPU
		{1B439F50-788D-43FE-8C36-F55BD49B7D65}.Release|Any CPU.ActiveCfg = Release|Any CPU
		{1B439F50-788D-43FE-8C36-F55BD49B7D65}.Release|Any CPU.Build.0 = Release|Any CPU
		{1B439F50-788D-43FE-8C36-F55BD49B7D65}.Release|x64.ActiveCfg = Release|Any CPU
		{1B439F50-788D-43FE-8C36-F55BD49B7D65}.Release|x64.Build.0 = Release|Any CPU
		{1B439F50-788D-43FE-8C36-F55BD49B7D65}.Release|x86.ActiveCfg = Release|Any CPU
		{1B439F50-788D-43FE-8C36-F55BD49B7D65}.Release|x86.Build.0 = Release|Any CPU
		{1B439F50-788D-43FE-8C36-F55BD49B7D65}.DebugL|Any CPU.ActiveCfg = DebugL|Any CPU
		{1B439F50-788D-43FE-8C36-F55BD49B7D65}.DebugL|Any CPU.Build.0 = DebugL|Any CPU
		{1B439F50-788D-43FE-8C36-F55BD49B7D65}.DebugL|x64.ActiveCfg = DebugL|Any CPU
		{1B439F50-788D-43FE-8C36-F55BD49B7D65}.DebugL|x64.Build.0 = DebugL|Any CPU
		{1B439F50-788D-43FE-8C36-F55BD49B7D65}.DebugL|x86.ActiveCfg = DebugL|Any CPU
		{1B439F50-788D-43FE-8C36-F55BD49B7D65}.DebugL|x86.Build.0 = DebugL|Any CPU
		{6A03D900-14B2-47AF-8B9D-5C2D2C84B6E8}.Debug|Any CPU.ActiveCfg = Debug|Any CPU
		{6A03D900-14B2-47AF-8B9D-5C2D2C84B6E8}.Debug|Any CPU.Build.0 = Debug|Any CPU
		{6A03D900-14B2-47AF-8B9D-5C2D2C84B6E8}.Debug|x64.ActiveCfg = Debug|Any CPU
		{6A03D900-14B2-47AF-8B9D-5C2D2C84B6E8}.Debug|x64.Build.0 = Debug|Any CPU
		{6A03D900-14B2-47AF-8B9D-5C2D2C84B6E8}.Debug|x86.ActiveCfg = Debug|Any CPU
		{6A03D900-14B2-47AF-8B9D-5C2D2C84B6E8}.Debug|x86.Build.0 = Debug|Any CPU
		{6A03D900-14B2-47AF-8B9D-5C2D2C84B6E8}.Release|Any CPU.ActiveCfg = Release|Any CPU
		{6A03D900-14B2-47AF-8B9D-5C2D2C84B6E8}.Release|Any CPU.Build.0 = Release|Any CPU
		{6A03D900-14B2-47AF-8B9D-5C2D2C84B6E8}.Release|x64.ActiveCfg = Release|Any CPU
		{6A03D900-14B2-47AF-8B9D-5C2D2C84B6E8}.Release|x64.Build.0 = Release|Any CPU
		{6A03D900-14B2-47AF-8B9D-5C2D2C84B6E8}.Release|x86.ActiveCfg = Release|Any CPU
		{6A03D900-14B2-47AF-8B9D-5C2D2C84B6E8}.Release|x86.Build.0 = Release|Any CPU
		{6A03D900-14B2-47AF-8B9D-5C2D2C84B6E8}.DebugL|Any CPU.ActiveCfg = DebugL|Any CPU
		{6A03D900-14B2-47AF-8B9D-5C2D2C84B6E8}.DebugL|Any CPU.Build.0 = DebugL|Any CPU
		{6A03D900-14B2-47AF-8B9D-5C2D2C84B6E8}.DebugL|x64.ActiveCfg = DebugL|Any CPU
		{6A03D900-14B2-47AF-8B9D-5C2D2C84B6E8}.DebugL|x64.Build.0 = DebugL|Any CPU
		{6A03D900-14B2-47AF-8B9D-5C2D2C84B6E8}.DebugL|x86.ActiveCfg = DebugL|Any CPU
		{6A03D900-14B2-47AF-8B9D-5C2D2C84B6E8}.DebugL|x86.Build.0 = DebugL|Any CPU
		{98A9DDFC-B903-4BCD-8C71-81ABDA585BD2}.Debug|Any CPU.ActiveCfg = Debug|Any CPU
		{98A9DDFC-B903-4BCD-8C71-81ABDA585BD2}.Debug|Any CPU.Build.0 = Debug|Any CPU
		{98A9DDFC-B903-4BCD-8C71-81ABDA585BD2}.Debug|x64.ActiveCfg = Debug|Any CPU
		{98A9DDFC-B903-4BCD-8C71-81ABDA585BD2}.Debug|x64.Build.0 = Debug|Any CPU
		{98A9DDFC-B903-4BCD-8C71-81ABDA585BD2}.Debug|x86.ActiveCfg = Debug|Any CPU
		{98A9DDFC-B903-4BCD-8C71-81ABDA585BD2}.Debug|x86.Build.0 = Debug|Any CPU
		{98A9DDFC-B903-4BCD-8C71-81ABDA585BD2}.Release|Any CPU.ActiveCfg = Release|Any CPU
		{98A9DDFC-B903-4BCD-8C71-81ABDA585BD2}.Release|Any CPU.Build.0 = Release|Any CPU
		{98A9DDFC-B903-4BCD-8C71-81ABDA585BD2}.Release|x64.ActiveCfg = Release|Any CPU
		{98A9DDFC-B903-4BCD-8C71-81ABDA585BD2}.Release|x64.Build.0 = Release|Any CPU
		{98A9DDFC-B903-4BCD-8C71-81ABDA585BD2}.Release|x86.ActiveCfg = Release|Any CPU
		{98A9DDFC-B903-4BCD-8C71-81ABDA585BD2}.Release|x86.Build.0 = Release|Any CPU
		{98A9DDFC-B903-4BCD-8C71-81ABDA585BD2}.DebugL|Any CPU.ActiveCfg = DebugL|Any CPU
		{98A9DDFC-B903-4BCD-8C71-81ABDA585BD2}.DebugL|Any CPU.Build.0 = DebugL|Any CPU
		{98A9DDFC-B903-4BCD-8C71-81ABDA585BD2}.DebugL|x64.ActiveCfg = DebugL|Any CPU
		{98A9DDFC-B903-4BCD-8C71-81ABDA585BD2}.DebugL|x64.Build.0 = DebugL|Any CPU
		{98A9DDFC-B903-4BCD-8C71-81ABDA585BD2}.DebugL|x86.ActiveCfg = DebugL|Any CPU
		{98A9DDFC-B903-4BCD-8C71-81ABDA585BD2}.DebugL|x86.Build.0 = DebugL|Any CPU
		{F2D6C00A-4441-47A9-88B7-4298A21CC1C4}.Debug|Any CPU.ActiveCfg = Debug|Any CPU
		{F2D6C00A-4441-47A9-88B7-4298A21CC1C4}.Debug|Any CPU.Build.0 = Debug|Any CPU
		{F2D6C00A-4441-47A9-88B7-4298A21CC1C4}.Debug|x64.ActiveCfg = Debug|Any CPU
		{F2D6C00A-4441-47A9-88B7-4298A21CC1C4}.Debug|x64.Build.0 = Debug|Any CPU
		{F2D6C00A-4441-47A9-88B7-4298A21CC1C4}.Debug|x86.ActiveCfg = Debug|Any CPU
		{F2D6C00A-4441-47A9-88B7-4298A21CC1C4}.Debug|x86.Build.0 = Debug|Any CPU
		{F2D6C00A-4441-47A9-88B7-4298A21CC1C4}.Release|Any CPU.ActiveCfg = Release|Any CPU
		{F2D6C00A-4441-47A9-88B7-4298A21CC1C4}.Release|Any CPU.Build.0 = Release|Any CPU
		{F2D6C00A-4441-47A9-88B7-4298A21CC1C4}.Release|x64.ActiveCfg = Release|Any CPU
		{F2D6C00A-4441-47A9-88B7-4298A21CC1C4}.Release|x64.Build.0 = Release|Any CPU
		{F2D6C00A-4441-47A9-88B7-4298A21CC1C4}.Release|x86.ActiveCfg = Release|Any CPU
		{F2D6C00A-4441-47A9-88B7-4298A21CC1C4}.Release|x86.Build.0 = Release|Any CPU
		{F2D6C00A-4441-47A9-88B7-4298A21CC1C4}.DebugL|Any CPU.ActiveCfg = DebugL|Any CPU
		{F2D6C00A-4441-47A9-88B7-4298A21CC1C4}.DebugL|Any CPU.Build.0 = DebugL|Any CPU
		{F2D6C00A-4441-47A9-88B7-4298A21CC1C4}.DebugL|x64.ActiveCfg = DebugL|Any CPU
		{F2D6C00A-4441-47A9-88B7-4298A21CC1C4}.DebugL|x64.Build.0 = DebugL|Any CPU
		{F2D6C00A-4441-47A9-88B7-4298A21CC1C4}.DebugL|x86.ActiveCfg = DebugL|Any CPU
		{F2D6C00A-4441-47A9-88B7-4298A21CC1C4}.DebugL|x86.Build.0 = DebugL|Any CPU
		{4E8D9C33-D251-4957-B3A0-153F1BA60423}.Debug|Any CPU.ActiveCfg = Debug|Any CPU
		{4E8D9C33-D251-4957-B3A0-153F1BA60423}.Debug|Any CPU.Build.0 = Debug|Any CPU
		{4E8D9C33-D251-4957-B3A0-153F1BA60423}.Debug|x64.ActiveCfg = Debug|Any CPU
		{4E8D9C33-D251-4957-B3A0-153F1BA60423}.Debug|x64.Build.0 = Debug|Any CPU
		{4E8D9C33-D251-4957-B3A0-153F1BA60423}.Debug|x86.ActiveCfg = Debug|Any CPU
		{4E8D9C33-D251-4957-B3A0-153F1BA60423}.Debug|x86.Build.0 = Debug|Any CPU
		{4E8D9C33-D251-4957-B3A0-153F1BA60423}.Release|Any CPU.ActiveCfg = Release|Any CPU
		{4E8D9C33-D251-4957-B3A0-153F1BA60423}.Release|Any CPU.Build.0 = Release|Any CPU
		{4E8D9C33-D251-4957-B3A0-153F1BA60423}.Release|x64.ActiveCfg = Release|Any CPU
		{4E8D9C33-D251-4957-B3A0-153F1BA60423}.Release|x64.Build.0 = Release|Any CPU
		{4E8D9C33-D251-4957-B3A0-153F1BA60423}.Release|x86.ActiveCfg = Release|Any CPU
		{4E8D9C33-D251-4957-B3A0-153F1BA60423}.Release|x86.Build.0 = Release|Any CPU
		{4E8D9C33-D251-4957-B3A0-153F1BA60423}.DebugL|Any CPU.ActiveCfg = DebugL|Any CPU
		{4E8D9C33-D251-4957-B3A0-153F1BA60423}.DebugL|Any CPU.Build.0 = DebugL|Any CPU
		{4E8D9C33-D251-4957-B3A0-153F1BA60423}.DebugL|x64.ActiveCfg = DebugL|Any CPU
		{4E8D9C33-D251-4957-B3A0-153F1BA60423}.DebugL|x64.Build.0 = DebugL|Any CPU
		{4E8D9C33-D251-4957-B3A0-153F1BA60423}.DebugL|x86.ActiveCfg = DebugL|Any CPU
		{4E8D9C33-D251-4957-B3A0-153F1BA60423}.DebugL|x86.Build.0 = DebugL|Any CPU
		{B7DBE9E4-6D01-4727-A298-3F0DD6656B04}.Debug|Any CPU.ActiveCfg = Debug|Any CPU
		{B7DBE9E4-6D01-4727-A298-3F0DD6656B04}.Debug|Any CPU.Build.0 = Debug|Any CPU
		{B7DBE9E4-6D01-4727-A298-3F0DD6656B04}.Debug|x64.ActiveCfg = Debug|Any CPU
		{B7DBE9E4-6D01-4727-A298-3F0DD6656B04}.Debug|x64.Build.0 = Debug|Any CPU
		{B7DBE9E4-6D01-4727-A298-3F0DD6656B04}.Debug|x86.ActiveCfg = Debug|Any CPU
		{B7DBE9E4-6D01-4727-A298-3F0DD6656B04}.Debug|x86.Build.0 = Debug|Any CPU
		{B7DBE9E4-6D01-4727-A298-3F0DD6656B04}.Release|Any CPU.ActiveCfg = Release|Any CPU
		{B7DBE9E4-6D01-4727-A298-3F0DD6656B04}.Release|Any CPU.Build.0 = Release|Any CPU
		{B7DBE9E4-6D01-4727-A298-3F0DD6656B04}.Release|x64.ActiveCfg = Release|Any CPU
		{B7DBE9E4-6D01-4727-A298-3F0DD6656B04}.Release|x64.Build.0 = Release|Any CPU
		{B7DBE9E4-6D01-4727-A298-3F0DD6656B04}.Release|x86.ActiveCfg = Release|Any CPU
		{B7DBE9E4-6D01-4727-A298-3F0DD6656B04}.Release|x86.Build.0 = Release|Any CPU
		{B7DBE9E4-6D01-4727-A298-3F0DD6656B04}.DebugL|Any CPU.ActiveCfg = DebugL|Any CPU
		{B7DBE9E4-6D01-4727-A298-3F0DD6656B04}.DebugL|Any CPU.Build.0 = DebugL|Any CPU
		{B7DBE9E4-6D01-4727-A298-3F0DD6656B04}.DebugL|x64.ActiveCfg = DebugL|Any CPU
		{B7DBE9E4-6D01-4727-A298-3F0DD6656B04}.DebugL|x64.Build.0 = DebugL|Any CPU
		{B7DBE9E4-6D01-4727-A298-3F0DD6656B04}.DebugL|x86.ActiveCfg = DebugL|Any CPU
		{B7DBE9E4-6D01-4727-A298-3F0DD6656B04}.DebugL|x86.Build.0 = DebugL|Any CPU
	EndGlobalSection
	GlobalSection(SolutionProperties) = preSolution
		HideSolutionNode = FALSE
	EndGlobalSection
	GlobalSection(NestedProjects) = preSolution
		{396D3170-2BAF-4B6E-B6ED-E15488506086} = {892E504C-F5AE-42E7-9271-53552EB95CF4}
		{957CCCF5-7F27-4746-A023-96C95FAAEA96} = {78596951-178D-452C-81DB-3F0AEC4691EF}
		{1B439F50-788D-43FE-8C36-F55BD49B7D65} = {2B6FD6CA-E728-4734-A616-EB1FD9AFC345}
		{6A03D900-14B2-47AF-8B9D-5C2D2C84B6E8} = {2B6FD6CA-E728-4734-A616-EB1FD9AFC345}
		{98A9DDFC-B903-4BCD-8C71-81ABDA585BD2} = {892E504C-F5AE-42E7-9271-53552EB95CF4}
		{F2D6C00A-4441-47A9-88B7-4298A21CC1C4} = {892E504C-F5AE-42E7-9271-53552EB95CF4}
		{4E8D9C33-D251-4957-B3A0-153F1BA60423} = {892E504C-F5AE-42E7-9271-53552EB95CF4}
		{B7DBE9E4-6D01-4727-A298-3F0DD6656B04} = {2B6FD6CA-E728-4734-A616-EB1FD9AFC345}
	EndGlobalSection
EndGlobal
