Microsoft Visual Studio Solution File, Format Version 12.00
Project("{FAE04EC0-301F-11D3-BF4B-00C04F79EFBC}") = "Shared", "src\Common\Shared\Shared.csproj", "{39AA64A0-FEF5-48A3-82A4-3A655953FED1}"
EndProject
Project("{2150E333-8FDC-42A3-9474-1A3956D46DE8}") = "src", "src", "{2B6FD6CA-E728-4734-A616-EB1FD9AFC345}"
EndProject
Project("{2150E333-8FDC-42A3-9474-1A3956D46DE8}") = "tests", "tests", "{892E504C-F5AE-42E7-9271-53552EB95CF4}"
EndProject
Project("{FAE04EC0-301F-11D3-BF4B-00C04F79EFBC}") = "Persistence.SystemTests", "tests\Persistence.SystemTests\Persistence.SystemTests.csproj", "{396D3170-2BAF-4B6E-B6ED-E15488506086}"
EndProject
Project("{FAE04EC0-301F-11D3-BF4B-00C04F79EFBC}") = "Persistence.MongoDb", "src\SystematizedData\Persistence.MongoDb\Persistence.MongoDb.csproj", "{64BAC7AA-3218-4EE0-97EE-8B6DB3DDEAE8}"
EndProject
Project("{2150E333-8FDC-42A3-9474-1A3956D46DE8}") = "common", "common", "{B9B131D7-591F-4F70-9F67-0B41D136ABE8}"
EndProject
Project("{2150E333-8FDC-42A3-9474-1A3956D46DE8}") = "systematizedData", "systematizedData", "{B55553CF-14AC-483E-AD30-B8FBFE5B94D9}"
EndProject
Project("{FAE04EC0-301F-11D3-BF4B-00C04F79EFBC}") = "DistributedCache", "src\Common\DistributedCache\DistributedCache.csproj", "{C9803DCE-F87B-4348-A61A-896684F1AB22}"
EndProject
Project("{FAE04EC0-301F-11D3-BF4B-00C04F79EFBC}") = "Internationalization", "src\Common\Internationalization\Internationalization.csproj", "{FEE4C9FC-E20C-4D05-A748-8D23D070F135}"
EndProject
Project("{FAE04EC0-301F-11D3-BF4B-00C04F79EFBC}") = "Communication.Contracts", "src\Common\Communication.Contracts\Communication.Contracts.csproj", "{CC8D4B2A-246D-4433-B53B-AA6384DF7355}"
EndProject
Project("{FAE04EC0-301F-11D3-BF4B-00C04F79EFBC}") = "Communication.Plugs.Contracts", "src\Common\Communication.Plugs.Contracts\Communication.Plugs.Contracts.csproj", "{B60DDBAF-0BCD-4129-BF06-4BCDCD4910FF}"
EndProject
Project("{FAE04EC0-301F-11D3-BF4B-00C04F79EFBC}") = "Communication.Sockets.Contracts", "src\Common\Communication.Sockets.Contracts\Communication.Sockets.Contracts.csproj", "{10A1CA7D-C0E7-4F56-8801-AC35D183CD0F}"
EndProject
Project("{FAE04EC0-301F-11D3-BF4B-00C04F79EFBC}") = "Persistence.Contracts", "src\SystematizedData\Persistence.Contracts\Persistence.Contracts.csproj", "{01DA9056-A5F8-4D5E-9D6D-0347B11528AA}"
EndProject
Project("{FAE04EC0-301F-11D3-BF4B-00C04F79EFBC}") = "Persistence.SystemCkModel", "src\SystematizedData\Persistence.SystemCkModel\Persistence.SystemCkModel.csproj", "{3DE32BBD-DCC5-4094-BDFF-622866A287EF}"
EndProject
Project("{FAE04EC0-301F-11D3-BF4B-00C04F79EFBC}") = "Persistence.Commands", "src\SystematizedData\Persistence.Commands\Persistence.Commands.csproj", "{B0AE3434-B99B-46EF-B054-6B937F1FFC17}"
EndProject
Project("{FAE04EC0-301F-11D3-BF4B-00C04F79EFBC}") = "Notifications", "src\SystematizedData\Notifications\Notifications.csproj", "{A4096D30-6E86-4BA9-A9B0-61AFCE550E92}"
EndProject
Project("{FAE04EC0-301F-11D3-BF4B-00C04F79EFBC}") = "SharedTests", "tests\SharedTests\SharedTests.csproj", "{4896425A-129C-42EB-84A7-C6B5A247AB7D}"
EndProject
Project("{2150E333-8FDC-42A3-9474-1A3956D46DE8}") = "unittests", "unittests", "{30684BD2-BA15-48A4-B37F-5342F91C3188}"
EndProject
Project("{2150E333-8FDC-42A3-9474-1A3956D46DE8}") = "systemtests", "systemtests", "{9CDBD65B-A313-496C-8F6F-6A766FEEA544}"
EndProject
Project("{2150E333-8FDC-42A3-9474-1A3956D46DE8}") = "samples", "samples", "{78596951-178D-452C-81DB-3F0AEC4691EF}"
EndProject
Project("{FAE04EC0-301F-11D3-BF4B-00C04F79EFBC}") = "WebService.Sample", "samples\WebService.Sample\WebService.Sample.csproj", "{957CCCF5-7F27-4746-A023-96C95FAAEA96}"
EndProject
Global
	GlobalSection(SolutionConfigurationPlatforms) = preSolution
		Debug|Any CPU = Debug|Any CPU
		Release|Any CPU = Release|Any CPU
	EndGlobalSection
	GlobalSection(NestedProjects) = preSolution
		{B9B131D7-591F-4F70-9F67-0B41D136ABE8} = {2B6FD6CA-E728-4734-A616-EB1FD9AFC345}
		{B55553CF-14AC-483E-AD30-B8FBFE5B94D9} = {2B6FD6CA-E728-4734-A616-EB1FD9AFC345}
		{64BAC7AA-3218-4EE0-97EE-8B6DB3DDEAE8} = {B55553CF-14AC-483E-AD30-B8FBFE5B94D9}
		{39AA64A0-FEF5-48A3-82A4-3A655953FED1} = {B9B131D7-591F-4F70-9F67-0B41D136ABE8}
		{C9803DCE-F87B-4348-A61A-896684F1AB22} = {B9B131D7-591F-4F70-9F67-0B41D136ABE8}
		{FEE4C9FC-E20C-4D05-A748-8D23D070F135} = {B9B131D7-591F-4F70-9F67-0B41D136ABE8}
		{CC8D4B2A-246D-4433-B53B-AA6384DF7355} = {B9B131D7-591F-4F70-9F67-0B41D136ABE8}
		{B60DDBAF-0BCD-4129-BF06-4BCDCD4910FF} = {B9B131D7-591F-4F70-9F67-0B41D136ABE8}
		{10A1CA7D-C0E7-4F56-8801-AC35D183CD0F} = {B9B131D7-591F-4F70-9F67-0B41D136ABE8}
		{01DA9056-A5F8-4D5E-9D6D-0347B11528AA} = {B55553CF-14AC-483E-AD30-B8FBFE5B94D9}
		{3DE32BBD-DCC5-4094-BDFF-622866A287EF} = {B55553CF-14AC-483E-AD30-B8FBFE5B94D9}
		{B0AE3434-B99B-46EF-B054-6B937F1FFC17} = {B55553CF-14AC-483E-AD30-B8FBFE5B94D9}
		{A4096D30-6E86-4BA9-A9B0-61AFCE550E92} = {B55553CF-14AC-483E-AD30-B8FBFE5B94D9}
		{30684BD2-BA15-48A4-B37F-5342F91C3188} = {892E504C-F5AE-42E7-9271-53552EB95CF4}
		{9CDBD65B-A313-496C-8F6F-6A766FEEA544} = {892E504C-F5AE-42E7-9271-53552EB95CF4}
		{396D3170-2BAF-4B6E-B6ED-E15488506086} = {9CDBD65B-A313-496C-8F6F-6A766FEEA544}
		{4896425A-129C-42EB-84A7-C6B5A247AB7D} = {30684BD2-BA15-48A4-B37F-5342F91C3188}
		{957CCCF5-7F27-4746-A023-96C95FAAEA96} = {78596951-178D-452C-81DB-3F0AEC4691EF}
	EndGlobalSection
	GlobalSection(ProjectConfigurationPlatforms) = postSolution
		{39AA64A0-FEF5-48A3-82A4-3A655953FED1}.Debug|Any CPU.ActiveCfg = Debug|Any CPU
		{39AA64A0-FEF5-48A3-82A4-3A655953FED1}.Debug|Any CPU.Build.0 = Debug|Any CPU
		{39AA64A0-FEF5-48A3-82A4-3A655953FED1}.Release|Any CPU.ActiveCfg = Release|Any CPU
		{39AA64A0-FEF5-48A3-82A4-3A655953FED1}.Release|Any CPU.Build.0 = Release|Any CPU
		{396D3170-2BAF-4B6E-B6ED-E15488506086}.Debug|Any CPU.ActiveCfg = Debug|Any CPU
		{396D3170-2BAF-4B6E-B6ED-E15488506086}.Debug|Any CPU.Build.0 = Debug|Any CPU
		{396D3170-2BAF-4B6E-B6ED-E15488506086}.Release|Any CPU.ActiveCfg = Release|Any CPU
		{396D3170-2BAF-4B6E-B6ED-E15488506086}.Release|Any CPU.Build.0 = Release|Any CPU
		{64BAC7AA-3218-4EE0-97EE-8B6DB3DDEAE8}.Debug|Any CPU.ActiveCfg = Debug|Any CPU
		{64BAC7AA-3218-4EE0-97EE-8B6DB3DDEAE8}.Debug|Any CPU.Build.0 = Debug|Any CPU
		{64BAC7AA-3218-4EE0-97EE-8B6DB3DDEAE8}.Release|Any CPU.ActiveCfg = Release|Any CPU
		{64BAC7AA-3218-4EE0-97EE-8B6DB3DDEAE8}.Release|Any CPU.Build.0 = Release|Any CPU
		{C9803DCE-F87B-4348-A61A-896684F1AB22}.Debug|Any CPU.ActiveCfg = Debug|Any CPU
		{C9803DCE-F87B-4348-A61A-896684F1AB22}.Debug|Any CPU.Build.0 = Debug|Any CPU
		{C9803DCE-F87B-4348-A61A-896684F1AB22}.Release|Any CPU.ActiveCfg = Release|Any CPU
		{C9803DCE-F87B-4348-A61A-896684F1AB22}.Release|Any CPU.Build.0 = Release|Any CPU
		{FEE4C9FC-E20C-4D05-A748-8D23D070F135}.Debug|Any CPU.ActiveCfg = Debug|Any CPU
		{FEE4C9FC-E20C-4D05-A748-8D23D070F135}.Debug|Any CPU.Build.0 = Debug|Any CPU
		{FEE4C9FC-E20C-4D05-A748-8D23D070F135}.Release|Any CPU.ActiveCfg = Release|Any CPU
		{FEE4C9FC-E20C-4D05-A748-8D23D070F135}.Release|Any CPU.Build.0 = Release|Any CPU
		{CC8D4B2A-246D-4433-B53B-AA6384DF7355}.Debug|Any CPU.ActiveCfg = Debug|Any CPU
		{CC8D4B2A-246D-4433-B53B-AA6384DF7355}.Debug|Any CPU.Build.0 = Debug|Any CPU
		{CC8D4B2A-246D-4433-B53B-AA6384DF7355}.Release|Any CPU.ActiveCfg = Release|Any CPU
		{CC8D4B2A-246D-4433-B53B-AA6384DF7355}.Release|Any CPU.Build.0 = Release|Any CPU
		{B60DDBAF-0BCD-4129-BF06-4BCDCD4910FF}.Debug|Any CPU.ActiveCfg = Debug|Any CPU
		{B60DDBAF-0BCD-4129-BF06-4BCDCD4910FF}.Debug|Any CPU.Build.0 = Debug|Any CPU
		{B60DDBAF-0BCD-4129-BF06-4BCDCD4910FF}.Release|Any CPU.ActiveCfg = Release|Any CPU
		{B60DDBAF-0BCD-4129-BF06-4BCDCD4910FF}.Release|Any CPU.Build.0 = Release|Any CPU
		{10A1CA7D-C0E7-4F56-8801-AC35D183CD0F}.Debug|Any CPU.ActiveCfg = Debug|Any CPU
		{10A1CA7D-C0E7-4F56-8801-AC35D183CD0F}.Debug|Any CPU.Build.0 = Debug|Any CPU
		{10A1CA7D-C0E7-4F56-8801-AC35D183CD0F}.Release|Any CPU.ActiveCfg = Release|Any CPU
		{10A1CA7D-C0E7-4F56-8801-AC35D183CD0F}.Release|Any CPU.Build.0 = Release|Any CPU
		{01DA9056-A5F8-4D5E-9D6D-0347B11528AA}.Debug|Any CPU.ActiveCfg = Debug|Any CPU
		{01DA9056-A5F8-4D5E-9D6D-0347B11528AA}.Debug|Any CPU.Build.0 = Debug|Any CPU
		{01DA9056-A5F8-4D5E-9D6D-0347B11528AA}.Release|Any CPU.ActiveCfg = Release|Any CPU
		{01DA9056-A5F8-4D5E-9D6D-0347B11528AA}.Release|Any CPU.Build.0 = Release|Any CPU
		{3DE32BBD-DCC5-4094-BDFF-622866A287EF}.Debug|Any CPU.ActiveCfg = Debug|Any CPU
		{3DE32BBD-DCC5-4094-BDFF-622866A287EF}.Debug|Any CPU.Build.0 = Debug|Any CPU
		{3DE32BBD-DCC5-4094-BDFF-622866A287EF}.Release|Any CPU.ActiveCfg = Release|Any CPU
		{3DE32BBD-DCC5-4094-BDFF-622866A287EF}.Release|Any CPU.Build.0 = Release|Any CPU
		{B0AE3434-B99B-46EF-B054-6B937F1FFC17}.Debug|Any CPU.ActiveCfg = Debug|Any CPU
		{B0AE3434-B99B-46EF-B054-6B937F1FFC17}.Debug|Any CPU.Build.0 = Debug|Any CPU
		{B0AE3434-B99B-46EF-B054-6B937F1FFC17}.Release|Any CPU.ActiveCfg = Release|Any CPU
		{B0AE3434-B99B-46EF-B054-6B937F1FFC17}.Release|Any CPU.Build.0 = Release|Any CPU
		{A4096D30-6E86-4BA9-A9B0-61AFCE550E92}.Debug|Any CPU.ActiveCfg = Debug|Any CPU
		{A4096D30-6E86-4BA9-A9B0-61AFCE550E92}.Debug|Any CPU.Build.0 = Debug|Any CPU
		{A4096D30-6E86-4BA9-A9B0-61AFCE550E92}.Release|Any CPU.ActiveCfg = Release|Any CPU
		{A4096D30-6E86-4BA9-A9B0-61AFCE550E92}.Release|Any CPU.Build.0 = Release|Any CPU
		{4896425A-129C-42EB-84A7-C6B5A247AB7D}.Debug|Any CPU.ActiveCfg = Debug|Any CPU
		{4896425A-129C-42EB-84A7-C6B5A247AB7D}.Debug|Any CPU.Build.0 = Debug|Any CPU
		{4896425A-129C-42EB-84A7-C6B5A247AB7D}.Release|Any CPU.ActiveCfg = Release|Any CPU
		{4896425A-129C-42EB-84A7-C6B5A247AB7D}.Release|Any CPU.Build.0 = Release|Any CPU
		{957CCCF5-7F27-4746-A023-96C95FAAEA96}.Debug|Any CPU.ActiveCfg = Debug|Any CPU
		{957CCCF5-7F27-4746-A023-96C95FAAEA96}.Debug|Any CPU.Build.0 = Debug|Any CPU
		{957CCCF5-7F27-4746-A023-96C95FAAEA96}.Release|Any CPU.ActiveCfg = Release|Any CPU
		{957CCCF5-7F27-4746-A023-96C95FAAEA96}.Release|Any CPU.Build.0 = Release|Any CPU
	EndGlobalSection
EndGlobal
