Microsoft Visual Studio Solution File, Format Version 12.00
Project("{2150E333-8FDC-42A3-9474-1A3956D46DE8}") = "src", "src", "{2B6FD6CA-E728-4734-A616-EB1FD9AFC345}"
EndProject
Project("{2150E333-8FDC-42A3-9474-1A3956D46DE8}") = "tests", "tests", "{892E504C-F5AE-42E7-9271-53552EB95CF4}"
EndProject
Project("{FAE04EC0-301F-11D3-BF4B-00C04F79EFBC}") = "Persistence.SystemTests", "tests\Persistence.SystemTests\Persistence.SystemTests.csproj", "{396D3170-2BAF-4B6E-B6ED-E15488506086}"
EndProject
Project("{FAE04EC0-301F-11D3-BF4B-00C04F79EFBC}") = "Runtime.Engine.MongoDb.Tests", "tests\Runtime.Engine.MongoDb.Tests\Runtime.Engine.MongoDb.Tests.csproj", "{4896425A-129C-42EB-84A7-C6B5A247AB7D}"
EndProject
Project("{2150E333-8FDC-42A3-9474-1A3956D46DE8}") = "unittests", "unittests", "{30684BD2-BA15-48A4-B37F-5342F91C3188}"
EndProject
Project("{2150E333-8FDC-42A3-9474-1A3956D46DE8}") = "systemtests", "systemtests", "{9CDBD65B-A313-496C-8F6F-6A766FEEA544}"
EndProject
Project("{2150E333-8FDC-42A3-9474-1A3956D46DE8}") = "samples", "samples", "{78596951-178D-452C-81DB-3F0AEC4691EF}"
EndProject
Project("{FAE04EC0-301F-11D3-BF4B-00C04F79EFBC}") = "WebService.Sample", "samples\WebService.Sample\WebService.Sample.csproj", "{957CCCF5-7F27-4746-A023-96C95FAAEA96}"
EndProject
Project("{FAE04EC0-301F-11D3-BF4B-00C04F79EFBC}") = "Runtime.Contracts.MongoDb", "src\Runtime.Contracts.MongoDb\Runtime.Contracts.MongoDb.csproj", "{1B439F50-788D-43FE-8C36-F55BD49B7D65}"
EndProject
Project("{FAE04EC0-301F-11D3-BF4B-00C04F79EFBC}") = "Runtime.Engine.MongoDb", "src\Runtime.Engine.MongoDb\Runtime.Engine.MongoDb.csproj", "{6A03D900-14B2-47AF-8B9D-5C2D2C84B6E8}"
EndProject
Project("{FAE04EC0-301F-11D3-BF4B-00C04F79EFBC}") = "TestCkModel", "tests\TestCkModel\TestCkModel.csproj", "{98A9DDFC-B903-4BCD-8C71-81ABDA585BD2}"
EndProject
Global
	GlobalSection(SolutionConfigurationPlatforms) = preSolution
		Debug|Any CPU = Debug|Any CPU
		Release|Any CPU = Release|Any CPU
		DebugL|Any CPU = DebugL|Any CPU
	EndGlobalSection
	GlobalSection(NestedProjects) = preSolution
		{30684BD2-BA15-48A4-B37F-5342F91C3188} = {892E504C-F5AE-42E7-9271-53552EB95CF4}
		{9CDBD65B-A313-496C-8F6F-6A766FEEA544} = {892E504C-F5AE-42E7-9271-53552EB95CF4}
		{396D3170-2BAF-4B6E-B6ED-E15488506086} = {9CDBD65B-A313-496C-8F6F-6A766FEEA544}
		{4896425A-129C-42EB-84A7-C6B5A247AB7D} = {30684BD2-BA15-48A4-B37F-5342F91C3188}
		{957CCCF5-7F27-4746-A023-96C95FAAEA96} = {78596951-178D-452C-81DB-3F0AEC4691EF}
		{1B439F50-788D-43FE-8C36-F55BD49B7D65} = {2B6FD6CA-E728-4734-A616-EB1FD9AFC345}
		{6A03D900-14B2-47AF-8B9D-5C2D2C84B6E8} = {2B6FD6CA-E728-4734-A616-EB1FD9AFC345}
		{98A9DDFC-B903-4BCD-8C71-81ABDA585BD2} = {9CDBD65B-A313-496C-8F6F-6A766FEEA544}
	EndGlobalSection
	GlobalSection(ProjectConfigurationPlatforms) = postSolution
		{396D3170-2BAF-4B6E-B6ED-E15488506086}.Debug|Any CPU.ActiveCfg = Debug|Any CPU
		{396D3170-2BAF-4B6E-B6ED-E15488506086}.Debug|Any CPU.Build.0 = Debug|Any CPU
		{396D3170-2BAF-4B6E-B6ED-E15488506086}.Release|Any CPU.ActiveCfg = Release|Any CPU
		{396D3170-2BAF-4B6E-B6ED-E15488506086}.Release|Any CPU.Build.0 = Release|Any CPU
		{396D3170-2BAF-4B6E-B6ED-E15488506086}.DebugL|Any CPU.ActiveCfg = DebugL|Any CPU
		{396D3170-2BAF-4B6E-B6ED-E15488506086}.DebugL|Any CPU.Build.0 = DebugL|Any CPU
		{4896425A-129C-42EB-84A7-C6B5A247AB7D}.Debug|Any CPU.ActiveCfg = Debug|Any CPU
		{4896425A-129C-42EB-84A7-C6B5A247AB7D}.Debug|Any CPU.Build.0 = Debug|Any CPU
		{4896425A-129C-42EB-84A7-C6B5A247AB7D}.Release|Any CPU.ActiveCfg = Release|Any CPU
		{4896425A-129C-42EB-84A7-C6B5A247AB7D}.Release|Any CPU.Build.0 = Release|Any CPU
		{4896425A-129C-42EB-84A7-C6B5A247AB7D}.DebugL|Any CPU.ActiveCfg = DebugL|Any CPU
		{4896425A-129C-42EB-84A7-C6B5A247AB7D}.DebugL|Any CPU.Build.0 = DebugL|Any CPU
		{957CCCF5-7F27-4746-A023-96C95FAAEA96}.Debug|Any CPU.ActiveCfg = Debug|Any CPU
		{957CCCF5-7F27-4746-A023-96C95FAAEA96}.Debug|Any CPU.Build.0 = Debug|Any CPU
		{957CCCF5-7F27-4746-A023-96C95FAAEA96}.Release|Any CPU.ActiveCfg = Release|Any CPU
		{957CCCF5-7F27-4746-A023-96C95FAAEA96}.Release|Any CPU.Build.0 = Release|Any CPU
		{957CCCF5-7F27-4746-A023-96C95FAAEA96}.DebugL|Any CPU.ActiveCfg = DebugL|Any CPU
		{957CCCF5-7F27-4746-A023-96C95FAAEA96}.DebugL|Any CPU.Build.0 = DebugL|Any CPU
		{1B439F50-788D-43FE-8C36-F55BD49B7D65}.Debug|Any CPU.ActiveCfg = Debug|Any CPU
		{1B439F50-788D-43FE-8C36-F55BD49B7D65}.Debug|Any CPU.Build.0 = Debug|Any CPU
		{1B439F50-788D-43FE-8C36-F55BD49B7D65}.Release|Any CPU.ActiveCfg = Release|Any CPU
		{1B439F50-788D-43FE-8C36-F55BD49B7D65}.Release|Any CPU.Build.0 = Release|Any CPU
		{1B439F50-788D-43FE-8C36-F55BD49B7D65}.DebugL|Any CPU.ActiveCfg = DebugL|Any CPU
		{1B439F50-788D-43FE-8C36-F55BD49B7D65}.DebugL|Any CPU.Build.0 = DebugL|Any CPU
		{6A03D900-14B2-47AF-8B9D-5C2D2C84B6E8}.Debug|Any CPU.ActiveCfg = Debug|Any CPU
		{6A03D900-14B2-47AF-8B9D-5C2D2C84B6E8}.Debug|Any CPU.Build.0 = Debug|Any CPU
		{6A03D900-14B2-47AF-8B9D-5C2D2C84B6E8}.Release|Any CPU.ActiveCfg = Release|Any CPU
		{6A03D900-14B2-47AF-8B9D-5C2D2C84B6E8}.Release|Any CPU.Build.0 = Release|Any CPU
		{6A03D900-14B2-47AF-8B9D-5C2D2C84B6E8}.DebugL|Any CPU.ActiveCfg = DebugL|Any CPU
		{6A03D900-14B2-47AF-8B9D-5C2D2C84B6E8}.DebugL|Any CPU.Build.0 = DebugL|Any CPU
		{98A9DDFC-B903-4BCD-8C71-81ABDA585BD2}.Debug|Any CPU.ActiveCfg = Debug|Any CPU
		{98A9DDFC-B903-4BCD-8C71-81ABDA585BD2}.Debug|Any CPU.Build.0 = Debug|Any CPU
		{98A9DDFC-B903-4BCD-8C71-81ABDA585BD2}.Release|Any CPU.ActiveCfg = Release|Any CPU
		{98A9DDFC-B903-4BCD-8C71-81ABDA585BD2}.Release|Any CPU.Build.0 = Release|Any CPU
		{98A9DDFC-B903-4BCD-8C71-81ABDA585BD2}.DebugL|Any CPU.ActiveCfg = DebugL|Any CPU
		{98A9DDFC-B903-4BCD-8C71-81ABDA585BD2}.DebugL|Any CPU.Build.0 = DebugL|Any CPU
	EndGlobalSection
EndGlobal
