
Microsoft Visual Studio Solution File, Format Version 12.00
Project("{FAE04EC0-301F-11D3-BF4B-00C04F79EFBC}") = "Shared", "src\Common\Shared\Shared.csproj", "{39AA64A0-FEF5-48A3-82A4-3A655953FED1}"
EndProject
Project("{2150E333-8FDC-42A3-9474-1A3956D46DE8}") = "src", "src", "{2B6FD6CA-E728-4734-A616-EB1FD9AFC345}"
EndProject
Project("{2150E333-8FDC-42A3-9474-1A3956D46DE8}") = "tests", "tests", "{892E504C-F5AE-42E7-9271-53552EB95CF4}"
EndProject
Project("{FAE04EC0-301F-11D3-BF4B-00C04F79EFBC}") = "Persistence.SystemTests", "tests\Persistence.SystemTests\Persistence.SystemTests.csproj", "{396D3170-2BAF-4B6E-B6ED-E15488506086}"
EndProject
Project("{FAE04EC0-301F-11D3-BF4B-00C04F79EFBC}") = "Persistence", "src\SystematizedData\Persistence\Persistence.csproj", "{64BAC7AA-3218-4EE0-97EE-8B6DB3DDEAE8}"
EndProject
Project("{2150E333-8FDC-42A3-9474-1A3956D46DE8}") = "common", "common", "{B9B131D7-591F-4F70-9F67-0B41D136ABE8}"
EndProject
Project("{2150E333-8FDC-42A3-9474-1A3956D46DE8}") = "systematizedData", "systematizedData", "{B55553CF-14AC-483E-AD30-B8FBFE5B94D9}"
EndProject
Project("{FAE04EC0-301F-11D3-BF4B-00C04F79EFBC}") = "DistributedCache", "src\Common\DistributedCache\DistributedCache.csproj", "{C9803DCE-F87B-4348-A61A-896684F1AB22}"
EndProject
Project("{FAE04EC0-301F-11D3-BF4B-00C04F79EFBC}") = "Internationalization", "src\Common\Internationalization\Internationalization.csproj", "{FEE4C9FC-E20C-4D05-A748-8D23D070F135}"
EndProject
Global
	GlobalSection(SolutionConfigurationPlatforms) = preSolution
		Debug|Any CPU = Debug|Any CPU
		Release|Any CPU = Release|Any CPU
	EndGlobalSection
	GlobalSection(NestedProjects) = preSolution
		{396D3170-2BAF-4B6E-B6ED-E15488506086} = {892E504C-F5AE-42E7-9271-53552EB95CF4}
		{B9B131D7-591F-4F70-9F67-0B41D136ABE8} = {2B6FD6CA-E728-4734-A616-EB1FD9AFC345}
		{B55553CF-14AC-483E-AD30-B8FBFE5B94D9} = {2B6FD6CA-E728-4734-A616-EB1FD9AFC345}
		{64BAC7AA-3218-4EE0-97EE-8B6DB3DDEAE8} = {B55553CF-14AC-483E-AD30-B8FBFE5B94D9}
		{39AA64A0-FEF5-48A3-82A4-3A655953FED1} = {B9B131D7-591F-4F70-9F67-0B41D136ABE8}
		{C9803DCE-F87B-4348-A61A-896684F1AB22} = {B9B131D7-591F-4F70-9F67-0B41D136ABE8}
		{FEE4C9FC-E20C-4D05-A748-8D23D070F135} = {B9B131D7-591F-4F70-9F67-0B41D136ABE8}
	EndGlobalSection
	GlobalSection(ProjectConfigurationPlatforms) = postSolution
		{39AA64A0-FEF5-48A3-82A4-3A655953FED1}.Debug|Any CPU.ActiveCfg = Debug|Any CPU
		{39AA64A0-FEF5-48A3-82A4-3A655953FED1}.Debug|Any CPU.Build.0 = Debug|Any CPU
		{39AA64A0-FEF5-48A3-82A4-3A655953FED1}.Release|Any CPU.ActiveCfg = Release|Any CPU
		{39AA64A0-FEF5-48A3-82A4-3A655953FED1}.Release|Any CPU.Build.0 = Release|Any CPU
		{396D3170-2BAF-4B6E-B6ED-E15488506086}.Debug|Any CPU.ActiveCfg = Debug|Any CPU
		{396D3170-2BAF-4B6E-B6ED-E15488506086}.Debug|Any CPU.Build.0 = Debug|Any CPU
		{396D3170-2BAF-4B6E-B6ED-E15488506086}.Release|Any CPU.ActiveCfg = Release|Any CPU
		{396D3170-2BAF-4B6E-B6ED-E15488506086}.Release|Any CPU.Build.0 = Release|Any CPU
		{64BAC7AA-3218-4EE0-97EE-8B6DB3DDEAE8}.Debug|Any CPU.ActiveCfg = Debug|Any CPU
		{64BAC7AA-3218-4EE0-97EE-8B6DB3DDEAE8}.Debug|Any CPU.Build.0 = Debug|Any CPU
		{64BAC7AA-3218-4EE0-97EE-8B6DB3DDEAE8}.Release|Any CPU.ActiveCfg = Release|Any CPU
		{64BAC7AA-3218-4EE0-97EE-8B6DB3DDEAE8}.Release|Any CPU.Build.0 = Release|Any CPU
		{C9803DCE-F87B-4348-A61A-896684F1AB22}.Debug|Any CPU.ActiveCfg = Debug|Any CPU
		{C9803DCE-F87B-4348-A61A-896684F1AB22}.Debug|Any CPU.Build.0 = Debug|Any CPU
		{C9803DCE-F87B-4348-A61A-896684F1AB22}.Release|Any CPU.ActiveCfg = Release|Any CPU
		{C9803DCE-F87B-4348-A61A-896684F1AB22}.Release|Any CPU.Build.0 = Release|Any CPU
		{FEE4C9FC-E20C-4D05-A748-8D23D070F135}.Debug|Any CPU.ActiveCfg = Debug|Any CPU
		{FEE4C9FC-E20C-4D05-A748-8D23D070F135}.Debug|Any CPU.Build.0 = Debug|Any CPU
		{FEE4C9FC-E20C-4D05-A748-8D23D070F135}.Release|Any CPU.ActiveCfg = Release|Any CPU
		{FEE4C9FC-E20C-4D05-A748-8D23D070F135}.Release|Any CPU.Build.0 = Release|Any CPU
	EndGlobalSection
EndGlobal
